{
  "name": "slidev-demo",
  "lockfileVersion": 3,
  "requires": true,
  "packages": {
    "": {
      "dependencies": {
        "slidev-addon-excalidraw": "^1.0.4"
      }
    },
    "node_modules/slidev-addon-excalidraw": {
      "version": "1.0.4",
      "resolved": "https://registry.npmjs.org/slidev-addon-excalidraw/-/slidev-addon-excalidraw-1.0.4.tgz",
      "integrity": "sha512-BLSn1RDXbcIvUypzKPZxc62sCD15hUEk3wOdL7UP8mI6StN4em3bsWNKQp/10dECK5GXRu9Q6Rlxaau9WkKvdw==",
      "license": "ISC"
    }
  }
}
